{
  "lockfileVersion": 2,
  "configVersion": 1,
  "workspaces": {
    "": {
      "name": "@knowledgeislands/ki-techne-tools",
      "devDependencies": {
        "turbo": "2.10.13",
      },
    },
    "apps/controller": {
      "name": "@knowledgeislands/techne-controller",
      "version": "0.0.0",
    },
    "packages/bootstrap": {
      "name": "@knowledgeislands/techne-bootstrap",
      "version": "0.0.0",
    },
  },
  "packages": {
    "@knowledgeislands/techne-bootstrap": ["@knowledgeislands/techne-bootstrap@workspace:packages/bootstrap"],

    "@knowledgeislands/techne-controller": ["@knowledgeislands/techne-controller@workspace:apps/controller"],

    "@turbo/darwin-64": ["@turbo/darwin-64@2.10.13", "", { "os": "darwin", "cpu": "x64" }, "sha512-m5DBcpkxmcKpEJHHFUfqf9GLUjSmw3cDnBJM9nghPW3kjCNb5OyNKmzG7/yT5x5AwzOO+HMwKN+UI4iVKL87YA=="],

    "@turbo/darwin-arm64": ["@turbo/darwin-arm64@2.10.13", "", { "os": "darwin", "cpu": "arm64" }, "sha512-vfKPvSuoY8BJGj8M8yN+a7aq1g+CejbEacDSDlJLDkSbPN3J/U1DbYAmPG8Ype5XvImI0SgfvUhIorNnFj67zw=="],

    "@turbo/linux-64": ["@turbo/linux-64@2.10.13", "", { "os": [ "linux", "android", ], "cpu": "x64" }, "sha512-Zp0N5M6j9iEjJtFLTA2L+52TLuYy0VbXT3zLZzfMeqqdKSUJ7pDo2pA1NhqjoQcF2dIsktZ8xZRW3pGI6T81fw=="],

    "@turbo/linux-arm64": ["@turbo/linux-arm64@2.10.13", "", { "os": [ "linux", "android", ], "cpu": "arm64" }, "sha512-M8XcfWdS2D4EP3wzd5ehUyCANucMIOsRE6gZuV0Mr2NIn+FpsUjXFCh7r9HY7GnNcjXH4tUnT76OsCDg2c0Fng=="],

    "@turbo/windows-64": ["@turbo/windows-64@2.10.13", "", { "os": "win32", "cpu": "x64" }, "sha512-QFd3KBMpBBCc31TbxMnxgdBivie8lxJXV8EqmanH8fg8l2e1BdCLWpZJbxk48VNvcF4LHUnwO0FJOq+veKN1cw=="],

    "@turbo/windows-arm64": ["@turbo/windows-arm64@2.10.13", "", { "os": "win32", "cpu": "arm64" }, "sha512-rM+cFO1P8iAHXdasOdMyK9nDk0UGII7VEFLIA8+jwv/+rh48pnVBbF2OSjJDBOw57pxNLIOEDA0JyKcarTBcIw=="],

    "turbo": ["turbo@2.10.13", "", { "optionalDependencies": { "@turbo/darwin-64": "2.10.13", "@turbo/darwin-arm64": "2.10.13", "@turbo/linux-64": "2.10.13", "@turbo/linux-arm64": "2.10.13", "@turbo/windows-64": "2.10.13", "@turbo/windows-arm64": "2.10.13" }, "bin": { "turbo": "bin/turbo" } }, "sha512-69MkPbjk+G8oyC7pC2DeBk0rPdbLz51wuH5eAT0Q4BVJkzq/b1XM4kUUidsARbmDjwIELSJwd1ezITULY9kWNw=="],
  }
}
